// !$*UTF8*$!
{
	archiveVersion = 1;
	classes = {
	};
	objectVersion = 56;
	objects = {

/* Begin PBXBuildFile section */
		871184C42AF3DC1F0047E44C /* AppDelegate.swift in Sources */ = {isa = PBXBuildFile; fileRef = 871184C32AF3DC1F0047E44C /* AppDelegate.swift */; };
		871184C62AF3DC1F0047E44C /* SceneDelegate.swift in Sources */ = {isa = PBXBuildFile; fileRef = 871184C52AF3DC1F0047E44C /* SceneDelegate.swift */; };
		871184C82AF3DC1F0047E44C /* MoviesListViewController.swift in Sources */ = {isa = PBXBuildFile; fileRef = 871184C72AF3DC1F0047E44C /* MoviesListViewController.swift */; };
		871184CB2AF3DC1F0047E44C /* Main.storyboard in Resources */ = {isa = PBXBuildFile; fileRef = 871184C92AF3DC1F0047E44C /* Main.storyboard */; };
		871184CD2AF3DC200047E44C /* Assets.xcassets in Resources */ = {isa = PBXBuildFile; fileRef = 871184CC2AF3DC200047E44C /* Assets.xcassets */; };
		871184D02AF3DC200047E44C /* LaunchScreen.storyboard in Resources */ = {isa = PBXBuildFile; fileRef = 871184CE2AF3DC200047E44C /* LaunchScreen.storyboard */; };
		871184DB2AF3DC200047E44C /* MoviesListViewModelTests.swift in Sources */ = {isa = PBXBuildFile; fileRef = 871184DA2AF3DC200047E44C /* MoviesListViewModelTests.swift */; };
		871184E52AF3DC200047E44C /* MoviesUITests.swift in Sources */ = {isa = PBXBuildFile; fileRef = 871184E42AF3DC200047E44C /* MoviesUITests.swift */; };
		871184F42AF510830047E44C /* MoviesDetailsViewModelTests.swift in Sources */ = {isa = PBXBuildFile; fileRef = 871184F32AF510830047E44C /* MoviesDetailsViewModelTests.swift */; };
		871184F72AF517D00047E44C /* NetworkClient.swift in Sources */ = {isa = PBXBuildFile; fileRef = 871184F62AF517D00047E44C /* NetworkClient.swift */; };
		871184FD2AF5203F0047E44C /* MoviesAPI.swift in Sources */ = {isa = PBXBuildFile; fileRef = 871184FA2AF5203F0047E44C /* MoviesAPI.swift */; };
		871184FE2AF5203F0047E44C /* Configurations.swift in Sources */ = {isa = PBXBuildFile; fileRef = 871184FB2AF5203F0047E44C /* Configurations.swift */; };
		871185002AF5210E0047E44C /* Configurations.plist in Resources */ = {isa = PBXBuildFile; fileRef = 871184FF2AF5210E0047E44C /* Configurations.plist */; };
		871185032AF52A5D0047E44C /* MovieDetailsViewController.swift in Sources */ = {isa = PBXBuildFile; fileRef = 871185022AF52A5D0047E44C /* MovieDetailsViewController.swift */; };
		871185072AF52AE60047E44C /* MoviesListResponse.swift in Sources */ = {isa = PBXBuildFile; fileRef = 871185062AF52AE60047E44C /* MoviesListResponse.swift */; };
		8711850A2AF52B110047E44C /* MoviesListViewModel.swift in Sources */ = {isa = PBXBuildFile; fileRef = 871185092AF52B110047E44C /* MoviesListViewModel.swift */; };
		8711850D2AF52B390047E44C /* MoviesListService.swift in Sources */ = {isa = PBXBuildFile; fileRef = 8711850C2AF52B390047E44C /* MoviesListService.swift */; };
		871185102AF52C770047E44C /* AsyncCaller.swift in Sources */ = {isa = PBXBuildFile; fileRef = 8711850F2AF52C770047E44C /* AsyncCaller.swift */; };
		871185142AF52DBE0047E44C /* MovieDetailsViewModel.swift in Sources */ = {isa = PBXBuildFile; fileRef = 871185132AF52DBE0047E44C /* MovieDetailsViewModel.swift */; };
		871185172AF52E170047E44C /* MovieDetailsResponse.swift in Sources */ = {isa = PBXBuildFile; fileRef = 871185162AF52E170047E44C /* MovieDetailsResponse.swift */; };
		871185192AF52E1F0047E44C /* MovieDetailsService.swift in Sources */ = {isa = PBXBuildFile; fileRef = 871185182AF52E1F0047E44C /* MovieDetailsService.swift */; };
/* End PBXBuildFile section */

/* Begin PBXContainerItemProxy section */
		871184D72AF3DC200047E44C /* PBXContainerItemProxy */ = {
			isa = PBXContainerItemProxy;
			containerPortal = 871184B82AF3DC1F0047E44C /* Project object */;
			proxyType = 1;
			remoteGlobalIDString = 871184BF2AF3DC1F0047E44C;
			remoteInfo = iOSMoviesApplicationChallenge;
		};
		871184E12AF3DC200047E44C /* PBXContainerItemProxy */ = {
			isa = PBXContainerItemProxy;
			containerPortal = 871184B82AF3DC1F0047E44C /* Project object */;
			proxyType = 1;
			remoteGlobalIDString = 871184BF2AF3DC1F0047E44C;
			remoteInfo = iOSMoviesApplicationChallenge;
		};
/* End PBXContainerItemProxy section */

/* Begin PBXFileReference section */
		871184C02AF3DC1F0047E44C /* iOSMoviesApplicationChallenge.app */ = {isa = PBXFileReference; explicitFileType = wrapper.application; includeInIndex = 0; path = iOSMoviesApplicationChallenge.app; sourceTree = BUILT_PRODUCTS_DIR; };
		871184C32AF3DC1F0047E44C /* AppDelegate.swift */ = {isa = PBXFileReference; lastKnownFileType = sourcecode.swift; path = AppDelegate.swift; sourceTree = "<group>"; };
		871184C52AF3DC1F0047E44C /* SceneDelegate.swift */ = {isa = PBXFileReference; lastKnownFileType = sourcecode.swift; path = SceneDelegate.swift; sourceTree = "<group>"; };
		871184C72AF3DC1F0047E44C /* MoviesListViewController.swift */ = {isa = PBXFileReference; lastKnownFileType = sourcecode.swift; path = MoviesListViewController.swift; sourceTree = "<group>"; };
		871184CA2AF3DC1F0047E44C /* Base */ = {isa = PBXFileReference; lastKnownFileType = file.storyboard; name = Base; path = Base.lproj/Main.storyboard; sourceTree = "<group>"; };
		871184CC2AF3DC200047E44C /* Assets.xcassets */ = {isa = PBXFileReference; lastKnownFileType = folder.assetcatalog; path = Assets.xcassets; sourceTree = "<group>"; };
		871184CF2AF3DC200047E44C /* Base */ = {isa = PBXFileReference; lastKnownFileType = file.storyboard; name = Base; path = Base.lproj/LaunchScreen.storyboard; sourceTree = "<group>"; };
		871184D12AF3DC200047E44C /* Info.plist */ = {isa = PBXFileReference; lastKnownFileType = text.plist.xml; path = Info.plist; sourceTree = "<group>"; };
		871184D62AF3DC200047E44C /* iOSMoviesApplicationChallengeTests.xctest */ = {isa = PBXFileReference; explicitFileType = wrapper.cfbundle; includeInIndex = 0; path = iOSMoviesApplicationChallengeTests.xctest; sourceTree = BUILT_PRODUCTS_DIR; };
		871184DA2AF3DC200047E44C /* MoviesListViewModelTests.swift */ = {isa = PBXFileReference; lastKnownFileType = sourcecode.swift; path = MoviesListViewModelTests.swift; sourceTree = "<group>"; };
		871184E02AF3DC200047E44C /* iOSMoviesApplicationChallengeUITests.xctest */ = {isa = PBXFileReference; explicitFileType = wrapper.cfbundle; includeInIndex = 0; path = iOSMoviesApplicationChallengeUITests.xctest; sourceTree = BUILT_PRODUCTS_DIR; };
		871184E42AF3DC200047E44C /* MoviesUITests.swift */ = {isa = PBXFileReference; lastKnownFileType = sourcecode.swift; path = MoviesUITests.swift; sourceTree = "<group>"; };
		871184F32AF510830047E44C /* MoviesDetailsViewModelTests.swift */ = {isa = PBXFileReference; lastKnownFileType = sourcecode.swift; path = MoviesDetailsViewModelTests.swift; sourceTree = "<group>"; };
		871184F62AF517D00047E44C /* NetworkClient.swift */ = {isa = PBXFileReference; fileEncoding = 4; lastKnownFileType = sourcecode.swift; path = NetworkClient.swift; sourceTree = "<group>"; };
		871184FA2AF5203F0047E44C /* MoviesAPI.swift */ = {isa = PBXFileReference; fileEncoding = 4; lastKnownFileType = sourcecode.swift; path = MoviesAPI.swift; sourceTree = "<group>"; };
		871184FB2AF5203F0047E44C /* Configurations.swift */ = {isa = PBXFileReference; fileEncoding = 4; lastKnownFileType = sourcecode.swift; path = Configurations.swift; sourceTree = "<group>"; };
		871184FF2AF5210E0047E44C /* Configurations.plist */ = {isa = PBXFileReference; lastKnownFileType = text.plist.xml; path = Configurations.plist; sourceTree = "<group>"; };
		871185022AF52A5D0047E44C /* MovieDetailsViewController.swift */ = {isa = PBXFileReference; lastKnownFileType = sourcecode.swift; path = MovieDetailsViewController.swift; sourceTree = "<group>"; };
		871185062AF52AE60047E44C /* MoviesListResponse.swift */ = {isa = PBXFileReference; lastKnownFileType = sourcecode.swift; path = MoviesListResponse.swift; sourceTree = "<group>"; };
		871185092AF52B110047E44C /* MoviesListViewModel.swift */ = {isa = PBXFileReference; lastKnownFileType = sourcecode.swift; path = MoviesListViewModel.swift; sourceTree = "<group>"; };
		8711850C2AF52B390047E44C /* MoviesListService.swift */ = {isa = PBXFileReference; lastKnownFileType = sourcecode.swift; path = MoviesListService.swift; sourceTree = "<group>"; };
		8711850F2AF52C770047E44C /* AsyncCaller.swift */ = {isa = PBXFileReference; lastKnownFileType = sourcecode.swift; path = AsyncCaller.swift; sourceTree = "<group>"; };
		871185132AF52DBE0047E44C /* MovieDetailsViewModel.swift */ = {isa = PBXFileReference; lastKnownFileType = sourcecode.swift; path = MovieDetailsViewModel.swift; sourceTree = "<group>"; };
		871185162AF52E170047E44C /* MovieDetailsResponse.swift */ = {isa = PBXFileReference; lastKnownFileType = sourcecode.swift; path = MovieDetailsResponse.swift; sourceTree = "<group>"; };
		871185182AF52E1F0047E44C /* MovieDetailsService.swift */ = {isa = PBXFileReference; lastKnownFileType = sourcecode.swift; path = MovieDetailsService.swift; sourceTree = "<group>"; };
/* End PBXFileReference section */

/* Begin PBXFrameworksBuildPhase section */
		871184BD2AF3DC1F0047E44C /* Frameworks */ = {
			isa = PBXFrameworksBuildPhase;
			buildActionMask = 2147483647;
			files = (
			);
			runOnlyForDeploymentPostprocessing = 0;
		};
		871184D32AF3DC200047E44C /* Frameworks */ = {
			isa = PBXFrameworksBuildPhase;
			buildActionMask = 2147483647;
			files = (
			);
			runOnlyForDeploymentPostprocessing = 0;
		};
		871184DD2AF3DC200047E44C /* Frameworks */ = {
			isa = PBXFrameworksBuildPhase;
			buildActionMask = 2147483647;
			files = (
			);
			runOnlyForDeploymentPostprocessing = 0;
		};
/* End PBXFrameworksBuildPhase section */

/* Begin PBXGroup section */
		871184B72AF3DC1F0047E44C = {
			isa = PBXGroup;
			children = (
				871184C22AF3DC1F0047E44C /* iOSMoviesApplicationChallenge */,
				871184D92AF3DC200047E44C /* UnitTests */,
				871184E32AF3DC200047E44C /* UITests */,
				871184C12AF3DC1F0047E44C /* Products */,
			);
			sourceTree = "<group>";
		};
		871184C12AF3DC1F0047E44C /* Products */ = {
			isa = PBXGroup;
			children = (
				871184C02AF3DC1F0047E44C /* iOSMoviesApplicationChallenge.app */,
				871184D62AF3DC200047E44C /* iOSMoviesApplicationChallengeTests.xctest */,
				871184E02AF3DC200047E44C /* iOSMoviesApplicationChallengeUITests.xctest */,
			);
			name = Products;
			sourceTree = "<group>";
		};
		871184C22AF3DC1F0047E44C /* iOSMoviesApplicationChallenge */ = {
			isa = PBXGroup;
			children = (
				871184C32AF3DC1F0047E44C /* AppDelegate.swift */,
				871184C52AF3DC1F0047E44C /* SceneDelegate.swift */,
				871185042AF52A6C0047E44C /* MovieDetails */,
				871185012AF52A450047E44C /* MoviesList */,
				871184F82AF5203F0047E44C /* APIConfigurations */,
				871184F52AF517D00047E44C /* Networking */,
				871185112AF52C870047E44C /* Generics */,
				871184C92AF3DC1F0047E44C /* Main.storyboard */,
				871184CC2AF3DC200047E44C /* Assets.xcassets */,
				871184CE2AF3DC200047E44C /* LaunchScreen.storyboard */,
				871184D12AF3DC200047E44C /* Info.plist */,
			);
			path = iOSMoviesApplicationChallenge;
			sourceTree = "<group>";
		};
		871184D92AF3DC200047E44C /* UnitTests */ = {
			isa = PBXGroup;
			children = (
				871184DA2AF3DC200047E44C /* MoviesListViewModelTests.swift */,
				871184F32AF510830047E44C /* MoviesDetailsViewModelTests.swift */,
			);
			path = UnitTests;
			sourceTree = "<group>";
		};
		871184E32AF3DC200047E44C /* UITests */ = {
			isa = PBXGroup;
			children = (
				871184E42AF3DC200047E44C /* MoviesUITests.swift */,
			);
			path = UITests;
			sourceTree = "<group>";
		};
		871184F52AF517D00047E44C /* Networking */ = {
			isa = PBXGroup;
			children = (
				871184F62AF517D00047E44C /* NetworkClient.swift */,
			);
			path = Networking;
			sourceTree = "<group>";
		};
		871184F82AF5203F0047E44C /* APIConfigurations */ = {
			isa = PBXGroup;
			children = (
				871184FF2AF5210E0047E44C /* Configurations.plist */,
				871184FA2AF5203F0047E44C /* MoviesAPI.swift */,
				871184FB2AF5203F0047E44C /* Configurations.swift */,
			);
			path = APIConfigurations;
			sourceTree = "<group>";
		};
		871185012AF52A450047E44C /* MoviesList */ = {
			isa = PBXGroup;
			children = (
				871185052AF52A810047E44C /* View */,
				871185082AF52B040047E44C /* Model */,
				8711850B2AF52B190047E44C /* ViewModel */,
				8711850E2AF52B410047E44C /* Service */,
			);
			path = MoviesList;
			sourceTree = "<group>";
		};
		871185042AF52A6C0047E44C /* MovieDetails */ = {
			isa = PBXGroup;
			children = (
				871185122AF52DA60047E44C /* view */,
				871185152AF52DCE0047E44C /* ViewModel */,
				8711851A2AF52E2B0047E44C /* Model */,
				8711851B2AF52E320047E44C /* Service */,
			);
			path = MovieDetails;
			sourceTree = "<group>";
		};
		871185052AF52A810047E44C /* View */ = {
			isa = PBXGroup;
			children = (
				871184C72AF3DC1F0047E44C /* MoviesListViewController.swift */,
			);
			path = View;
			sourceTree = "<group>";
		};
		871185082AF52B040047E44C /* Model */ = {
			isa = PBXGroup;
			children = (
				871185062AF52AE60047E44C /* MoviesListResponse.swift */,
			);
			path = Model;
			sourceTree = "<group>";
		};
		8711850B2AF52B190047E44C /* ViewModel */ = {
			isa = PBXGroup;
			children = (
				871185092AF52B110047E44C /* MoviesListViewModel.swift */,
			);
			path = ViewModel;
			sourceTree = "<group>";
		};
		8711850E2AF52B410047E44C /* Service */ = {
			isa = PBXGroup;
			children = (
				8711850C2AF52B390047E44C /* MoviesListService.swift */,
			);
			path = Service;
			sourceTree = "<group>";
		};
		871185112AF52C870047E44C /* Generics */ = {
			isa = PBXGroup;
			children = (
				8711850F2AF52C770047E44C /* AsyncCaller.swift */,
			);
			path = Generics;
			sourceTree = "<group>";
		};
		871185122AF52DA60047E44C /* view */ = {
			isa = PBXGroup;
			children = (
				871185022AF52A5D0047E44C /* MovieDetailsViewController.swift */,
			);
			path = view;
			sourceTree = "<group>";
		};
		871185152AF52DCE0047E44C /* ViewModel */ = {
			isa = PBXGroup;
			children = (
				871185132AF52DBE0047E44C /* MovieDetailsViewModel.swift */,
			);
			path = ViewModel;
			sourceTree = "<group>";
		};
		8711851A2AF52E2B0047E44C /* Model */ = {
			isa = PBXGroup;
			children = (
				871185162AF52E170047E44C /* MovieDetailsResponse.swift */,
			);
			path = Model;
			sourceTree = "<group>";
		};
		8711851B2AF52E320047E44C /* Service */ = {
			isa = PBXGroup;
			children = (
				871185182AF52E1F0047E44C /* MovieDetailsService.swift */,
			);
			path = Service;
			sourceTree = "<group>";
		};
/* End PBXGroup section */

/* Begin PBXNativeTarget section */
		871184BF2AF3DC1F0047E44C /* iOSMoviesApplicationChallenge */ = {
			isa = PBXNativeTarget;
			buildConfigurationList = 871184EA2AF3DC200047E44C /* Build configuration list for PBXNativeTarget "iOSMoviesApplicationChallenge" */;
			buildPhases = (
				871184BC2AF3DC1F0047E44C /* Sources */,
				871184BD2AF3DC1F0047E44C /* Frameworks */,
				871184BE2AF3DC1F0047E44C /* Resources */,
			);
			buildRules = (
			);
			dependencies = (
			);
			name = iOSMoviesApplicationChallenge;
			productName = iOSMoviesApplicationChallenge;
			productReference = 871184C02AF3DC1F0047E44C /* iOSMoviesApplicationChallenge.app */;
			productType = "com.apple.product-type.application";
		};
		871184D52AF3DC200047E44C /* iOSMoviesApplicationChallengeTests */ = {
			isa = PBXNativeTarget;
			buildConfigurationList = 871184ED2AF3DC200047E44C /* Build configuration list for PBXNativeTarget "iOSMoviesApplicationChallengeTests" */;
			buildPhases = (
				871184D22AF3DC200047E44C /* Sources */,
				871184D32AF3DC200047E44C /* Frameworks */,
				871184D42AF3DC200047E44C /* Resources */,
			);
			buildRules = (
			);
			dependencies = (
				871184D82AF3DC200047E44C /* PBXTargetDependency */,
			);
			name = iOSMoviesApplicationChallengeTests;
			productName = iOSMoviesApplicationChallengeTests;
			productReference = 871184D62AF3DC200047E44C /* iOSMoviesApplicationChallengeTests.xctest */;
			productType = "com.apple.product-type.bundle.unit-test";
		};
		871184DF2AF3DC200047E44C /* iOSMoviesApplicationChallengeUITests */ = {
			isa = PBXNativeTarget;
			buildConfigurationList = 871184F02AF3DC200047E44C /* Build configuration list for PBXNativeTarget "iOSMoviesApplicationChallengeUITests" */;
			buildPhases = (
				871184DC2AF3DC200047E44C /* Sources */,
				871184DD2AF3DC200047E44C /* Frameworks */,
				871184DE2AF3DC200047E44C /* Resources */,
			);
			buildRules = (
			);
			dependencies = (
				871184E22AF3DC200047E44C /* PBXTargetDependency */,
			);
			name = iOSMoviesApplicationChallengeUITests;
			productName = iOSMoviesApplicationChallengeUITests;
			productReference = 871184E02AF3DC200047E44C /* iOSMoviesApplicationChallengeUITests.xctest */;
			productType = "com.apple.product-type.bundle.ui-testing";
		};
/* End PBXNativeTarget section */

/* Begin PBXProject section */
		871184B82AF3DC1F0047E44C /* Project object */ = {
			isa = PBXProject;
			attributes = {
				BuildIndependentTargetsInParallel = 1;
				LastSwiftUpdateCheck = 1410;
				LastUpgradeCheck = 1410;
				TargetAttributes = {
					871184BF2AF3DC1F0047E44C = {
						CreatedOnToolsVersion = 14.1;
					};
					871184D52AF3DC200047E44C = {
						CreatedOnToolsVersion = 14.1;
						TestTargetID = 871184BF2AF3DC1F0047E44C;
					};
					871184DF2AF3DC200047E44C = {
						CreatedOnToolsVersion = 14.1;
						TestTargetID = 871184BF2AF3DC1F0047E44C;
					};
				};
			};
			buildConfigurationList = 871184BB2AF3DC1F0047E44C /* Build configuration list for PBXProject "iOSMoviesApplicationChallenge" */;
			compatibilityVersion = "Xcode 14.0";
			developmentRegion = en;
			hasScannedForEncodings = 0;
			knownRegions = (
				en,
				Base,
			);
			mainGroup = 871184B72AF3DC1F0047E44C;
			productRefGroup = 871184C12AF3DC1F0047E44C /* Products */;
			projectDirPath = "";
			projectRoot = "";
			targets = (
				871184BF2AF3DC1F0047E44C /* iOSMoviesApplicationChallenge */,
				871184D52AF3DC200047E44C /* iOSMoviesApplicationChallengeTests */,
				871184DF2AF3DC200047E44C /* iOSMoviesApplicationChallengeUITests */,
			);
		};
/* End PBXProject section */

/* Begin PBXResourcesBuildPhase section */
		871184BE2AF3DC1F0047E44C /* Resources */ = {
			isa = PBXResourcesBuildPhase;
			buildActionMask = 2147483647;
			files = (
				871184D02AF3DC200047E44C /* LaunchScreen.storyboard in Resources */,
				871185002AF5210E0047E44C /* Configurations.plist in Resources */,
				871184CD2AF3DC200047E44C /* Assets.xcassets in Resources */,
				871184CB2AF3DC1F0047E44C /* Main.storyboard in Resources */,
			);
			runOnlyForDeploymentPostprocessing = 0;
		};
		871184D42AF3DC200047E44C /* Resources */ = {
			isa = PBXResourcesBuildPhase;
			buildActionMask = 2147483647;
			files = (
			);
			runOnlyForDeploymentPostprocessing = 0;
		};
		871184DE2AF3DC200047E44C /* Resources */ = {
			isa = PBXResourcesBuildPhase;
			buildActionMask = 2147483647;
			files = (
			);
			runOnlyForDeploymentPostprocessing = 0;
		};
/* End PBXResourcesBuildPhase section */

/* Begin PBXSourcesBuildPhase section */
		871184BC2AF3DC1F0047E44C /* Sources */ = {
			isa = PBXSourcesBuildPhase;
			buildActionMask = 2147483647;
			files = (
				871185172AF52E170047E44C /* MovieDetailsResponse.swift in Sources */,
				871184C82AF3DC1F0047E44C /* MoviesListViewController.swift in Sources */,
				871185072AF52AE60047E44C /* MoviesListResponse.swift in Sources */,
				871185102AF52C770047E44C /* AsyncCaller.swift in Sources */,
				871184C42AF3DC1F0047E44C /* AppDelegate.swift in Sources */,
				8711850A2AF52B110047E44C /* MoviesListViewModel.swift in Sources */,
				8711850D2AF52B390047E44C /* MoviesListService.swift in Sources */,
				871184FE2AF5203F0047E44C /* Configurations.swift in Sources */,
				871185032AF52A5D0047E44C /* MovieDetailsViewController.swift in Sources */,
				871185142AF52DBE0047E44C /* MovieDetailsViewModel.swift in Sources */,
				871184C62AF3DC1F0047E44C /* SceneDelegate.swift in Sources */,
				871184FD2AF5203F0047E44C /* MoviesAPI.swift in Sources */,
				871184F72AF517D00047E44C /* NetworkClient.swift in Sources */,
				871185192AF52E1F0047E44C /* MovieDetailsService.swift in Sources */,
			);
			runOnlyForDeploymentPostprocessing = 0;
		};
		871184D22AF3DC200047E44C /* Sources */ = {
			isa = PBXSourcesBuildPhase;
			buildActionMask = 2147483647;
			files = (
				871184F42AF510830047E44C /* MoviesDetailsViewModelTests.swift in Sources */,
				871184DB2AF3DC200047E44C /* MoviesListViewModelTests.swift in Sources */,
			);
			runOnlyForDeploymentPostprocessing = 0;
		};
		871184DC2AF3DC200047E44C /* Sources */ = {
			isa = PBXSourcesBuildPhase;
			buildActionMask = 2147483647;
			files = (
				871184E52AF3DC200047E44C /* MoviesUITests.swift in Sources */,
			);
			runOnlyForDeploymentPostprocessing = 0;
		};
/* End PBXSourcesBuildPhase section */

/* Begin PBXTargetDependency section */
		871184D82AF3DC200047E44C /* PBXTargetDependency */ = {
			isa = PBXTargetDependency;
			target = 871184BF2AF3DC1F0047E44C /* iOSMoviesApplicationChallenge */;
			targetProxy = 871184D72AF3DC200047E44C /* PBXContainerItemProxy */;
		};
		871184E22AF3DC200047E44C /* PBXTargetDependency */ = {
			isa = PBXTargetDependency;
			target = 871184BF2AF3DC1F0047E44C /* iOSMoviesApplicationChallenge */;
			targetProxy = 871184E12AF3DC200047E44C /* PBXContainerItemProxy */;
		};
/* End PBXTargetDependency section */

/* Begin PBXVariantGroup section */
		871184C92AF3DC1F0047E44C /* Main.storyboard */ = {
			isa = PBXVariantGroup;
			children = (
				871184CA2AF3DC1F0047E44C /* Base */,
			);
			name = Main.storyboard;
			sourceTree = "<group>";
		};
		871184CE2AF3DC200047E44C /* LaunchScreen.storyboard */ = {
			isa = PBXVariantGroup;
			children = (
				871184CF2AF3DC200047E44C /* Base */,
			);
			name = LaunchScreen.storyboard;
			sourceTree = "<group>";
		};
/* End PBXVariantGroup section */

/* Begin XCBuildConfiguration section */
		871184E82AF3DC200047E44C /* Debug */ = {
			isa = XCBuildConfiguration;
			buildSettings = {
				ALWAYS_SEARCH_USER_PATHS = NO;
				CLANG_ANALYZER_NONNULL = YES;
				CLANG_ANALYZER_NUMBER_OBJECT_CONVERSION = YES_AGGRESSIVE;
				CLANG_CXX_LANGUAGE_STANDARD = "gnu++20";
				CLANG_ENABLE_MODULES = YES;
				CLANG_ENABLE_OBJC_ARC = YES;
				CLANG_ENABLE_OBJC_WEAK = YES;
				CLANG_WARN_BLOCK_CAPTURE_AUTORELEASING = YES;
				CLANG_WARN_BOOL_CONVERSION = YES;
				CLANG_WARN_COMMA = YES;
				CLANG_WARN_CONSTANT_CONVERSION = YES;
				CLANG_WARN_DEPRECATED_OBJC_IMPLEMENTATIONS = YES;
				CLANG_WARN_DIRECT_OBJC_ISA_USAGE = YES_ERROR;
				CLANG_WARN_DOCUMENTATION_COMMENTS = YES;
				CLANG_WARN_EMPTY_BODY = YES;
				CLANG_WARN_ENUM_CONVERSION = YES;
				CLANG_WARN_INFINITE_RECURSION = YES;
				CLANG_WARN_INT_CONVERSION = YES;
				CLANG_WARN_NON_LITERAL_NULL_CONVERSION = YES;
				CLANG_WARN_OBJC_IMPLICIT_RETAIN_SELF = YES;
				CLANG_WARN_OBJC_LITERAL_CONVERSION = YES;
				CLANG_WARN_OBJC_ROOT_CLASS = YES_ERROR;
				CLANG_WARN_QUOTED_INCLUDE_IN_FRAMEWORK_HEADER = YES;
				CLANG_WARN_RANGE_LOOP_ANALYSIS = YES;
				CLANG_WARN_STRICT_PROTOTYPES = YES;
				CLANG_WARN_SUSPICIOUS_MOVE = YES;
				CLANG_WARN_UNGUARDED_AVAILABILITY = YES_AGGRESSIVE;
				CLANG_WARN_UNREACHABLE_CODE = YES;
				CLANG_WARN__DUPLICATE_METHOD_MATCH = YES;
				COPY_PHASE_STRIP = NO;
				DEBUG_INFORMATION_FORMAT = dwarf;
				ENABLE_STRICT_OBJC_MSGSEND = YES;
				ENABLE_TESTABILITY = YES;
				GCC_C_LANGUAGE_STANDARD = gnu11;
				GCC_DYNAMIC_NO_PIC = NO;
				GCC_NO_COMMON_BLOCKS = YES;
				GCC_OPTIMIZATION_LEVEL = 0;
				GCC_PREPROCESSOR_DEFINITIONS = (
					"DEBUG=1",
					"$(inherited)",
				);
				GCC_WARN_64_TO_32_BIT_CONVERSION = YES;
				GCC_WARN_ABOUT_RETURN_TYPE = YES_ERROR;
				GCC_WARN_UNDECLARED_SELECTOR = YES;
				GCC_WARN_UNINITIALIZED_AUTOS = YES_AGGRESSIVE;
				GCC_WARN_UNUSED_FUNCTION = YES;
				GCC_WARN_UNUSED_VARIABLE = YES;
				IPHONEOS_DEPLOYMENT_TARGET = 16.1;
				MTL_ENABLE_DEBUG_INFO = INCLUDE_SOURCE;
				MTL_FAST_MATH = YES;
				ONLY_ACTIVE_ARCH = YES;
				SDKROOT = iphoneos;
				SWIFT_ACTIVE_COMPILATION_CONDITIONS = DEBUG;
				SWIFT_OPTIMIZATION_LEVEL = "-Onone";
			};
			name = Debug;
		};
		871184E92AF3DC200047E44C /* Release */ = {
			isa = XCBuildConfiguration;
			buildSettings = {
				ALWAYS_SEARCH_USER_PATHS = NO;
				CLANG_ANALYZER_NONNULL = YES;
				CLANG_ANALYZER_NUMBER_OBJECT_CONVERSION = YES_AGGRESSIVE;
				CLANG_CXX_LANGUAGE_STANDARD = "gnu++20";
				CLANG_ENABLE_MODULES = YES;
				CLANG_ENABLE_OBJC_ARC = YES;
				CLANG_ENABLE_OBJC_WEAK = YES;
				CLANG_WARN_BLOCK_CAPTURE_AUTORELEASING = YES;
				CLANG_WARN_BOOL_CONVERSION = YES;
				CLANG_WARN_COMMA = YES;
				CLANG_WARN_CONSTANT_CONVERSION = YES;
				CLANG_WARN_DEPRECATED_OBJC_IMPLEMENTATIONS = YES;
				CLANG_WARN_DIRECT_OBJC_ISA_USAGE = YES_ERROR;
				CLANG_WARN_DOCUMENTATION_COMMENTS = YES;
				CLANG_WARN_EMPTY_BODY = YES;
				CLANG_WARN_ENUM_CONVERSION = YES;
				CLANG_WARN_INFINITE_RECURSION = YES;
				CLANG_WARN_INT_CONVERSION = YES;
				CLANG_WARN_NON_LITERAL_NULL_CONVERSION = YES;
				CLANG_WARN_OBJC_IMPLICIT_RETAIN_SELF = YES;
				CLANG_WARN_OBJC_LITERAL_CONVERSION = YES;
				CLANG_WARN_OBJC_ROOT_CLASS = YES_ERROR;
				CLANG_WARN_QUOTED_INCLUDE_IN_FRAMEWORK_HEADER = YES;
				CLANG_WARN_RANGE_LOOP_ANALYSIS = YES;
				CLANG_WARN_STRICT_PROTOTYPES = YES;
				CLANG_WARN_SUSPICIOUS_MOVE = YES;
				CLANG_WARN_UNGUARDED_AVAILABILITY = YES_AGGRESSIVE;
				CLANG_WARN_UNREACHABLE_CODE = YES;
				CLANG_WARN__DUPLICATE_METHOD_MATCH = YES;
				COPY_PHASE_STRIP = NO;
				DEBUG_INFORMATION_FORMAT = "dwarf-with-dsym";
				ENABLE_NS_ASSERTIONS = NO;
				ENABLE_STRICT_OBJC_MSGSEND = YES;
				GCC_C_LANGUAGE_STANDARD = gnu11;
				GCC_NO_COMMON_BLOCKS = YES;
				GCC_WARN_64_TO_32_BIT_CONVERSION = YES;
				GCC_WARN_ABOUT_RETURN_TYPE = YES_ERROR;
				GCC_WARN_UNDECLARED_SELECTOR = YES;
				GCC_WARN_UNINITIALIZED_AUTOS = YES_AGGRESSIVE;
				GCC_WARN_UNUSED_FUNCTION = YES;
				GCC_WARN_UNUSED_VARIABLE = YES;
				IPHONEOS_DEPLOYMENT_TARGET = 16.1;
				MTL_ENABLE_DEBUG_INFO = NO;
				MTL_FAST_MATH = YES;
				SDKROOT = iphoneos;
				SWIFT_COMPILATION_MODE = wholemodule;
				SWIFT_OPTIMIZATION_LEVEL = "-O";
				VALIDATE_PRODUCT = YES;
			};
			name = Release;
		};
		871184EB2AF3DC200047E44C /* Debug */ = {
			isa = XCBuildConfiguration;
			buildSettings = {
				ASSETCATALOG_COMPILER_APPICON_NAME = AppIcon;
				ASSETCATALOG_COMPILER_GLOBAL_ACCENT_COLOR_NAME = AccentColor;
				CODE_SIGN_STYLE = Automatic;
				CURRENT_PROJECT_VERSION = 1;
				DEVELOPMENT_TEAM = N6TM2U26KT;
				GENERATE_INFOPLIST_FILE = YES;
				INFOPLIST_FILE = iOSMoviesApplicationChallenge/Info.plist;
				INFOPLIST_KEY_UIApplicationSupportsIndirectInputEvents = YES;
				INFOPLIST_KEY_UILaunchStoryboardName = LaunchScreen;
				INFOPLIST_KEY_UIMainStoryboardFile = Main;
				INFOPLIST_KEY_UISupportedInterfaceOrientations_iPad = "UIInterfaceOrientationPortrait UIInterfaceOrientationPortraitUpsideDown UIInterfaceOrientationLandscapeLeft UIInterfaceOrientationLandscapeRight";
				INFOPLIST_KEY_UISupportedInterfaceOrientations_iPhone = "UIInterfaceOrientationPortrait UIInterfaceOrientationLandscapeLeft UIInterfaceOrientationLandscapeRight";
				LD_RUNPATH_SEARCH_PATHS = (
					"$(inherited)",
					"@executable_path/Frameworks",
				);
				MARKETING_VERSION = 1.0;
				PRODUCT_BUNDLE_IDENTIFIER = Yassir.iOSMoviesApplicationChallenge;
				PRODUCT_NAME = "$(TARGET_NAME)";
				SWIFT_EMIT_LOC_STRINGS = YES;
				SWIFT_VERSION = 5.0;
				TARGETED_DEVICE_FAMILY = "1,2";
			};
			name = Debug;
		};
		871184EC2AF3DC200047E44C /* Release */ = {
			isa = XCBuildConfiguration;
			buildSettings = {
				ASSETCATALOG_COMPILER_APPICON_NAME = AppIcon;
				ASSETCATALOG_COMPILER_GLOBAL_ACCENT_COLOR_NAME = AccentColor;
				CODE_SIGN_STYLE = Automatic;
				CURRENT_PROJECT_VERSION = 1;
				DEVELOPMENT_TEAM = N6TM2U26KT;
				GENERATE_INFOPLIST_FILE = YES;
				INFOPLIST_FILE = iOSMoviesApplicationChallenge/Info.plist;
				INFOPLIST_KEY_UIApplicationSupportsIndirectInputEvents = YES;
				INFOPLIST_KEY_UILaunchStoryboardName = LaunchScreen;
				INFOPLIST_KEY_UIMainStoryboardFile = Main;
				INFOPLIST_KEY_UISupportedInterfaceOrientations_iPad = "UIInterfaceOrientationPortrait UIInterfaceOrientationPortraitUpsideDown UIInterfaceOrientationLandscapeLeft UIInterfaceOrientationLandscapeRight";
				INFOPLIST_KEY_UISupportedInterfaceOrientations_iPhone = "UIInterfaceOrientationPortrait UIInterfaceOrientationLandscapeLeft UIInterfaceOrientationLandscapeRight";
				LD_RUNPATH_SEARCH_PATHS = (
					"$(inherited)",
					"@executable_path/Frameworks",
				);
				MARKETING_VERSION = 1.0;
				PRODUCT_BUNDLE_IDENTIFIER = Yassir.iOSMoviesApplicationChallenge;
				PRODUCT_NAME = "$(TARGET_NAME)";
				SWIFT_EMIT_LOC_STRINGS = YES;
				SWIFT_VERSION = 5.0;
				TARGETED_DEVICE_FAMILY = "1,2";
			};
			name = Release;
		};
		871184EE2AF3DC200047E44C /* Debug */ = {
			isa = XCBuildConfiguration;
			buildSettings = {
				ALWAYS_EMBED_SWIFT_STANDARD_LIBRARIES = YES;
				BUNDLE_LOADER = "$(TEST_HOST)";
				CODE_SIGN_STYLE = Automatic;
				CURRENT_PROJECT_VERSION = 1;
				DEVELOPMENT_TEAM = N6TM2U26KT;
				GENERATE_INFOPLIST_FILE = YES;
				IPHONEOS_DEPLOYMENT_TARGET = 16.1;
				MARKETING_VERSION = 1.0;
				PRODUCT_BUNDLE_IDENTIFIER = Yassir.iOSMoviesApplicationChallengeTests;
				PRODUCT_NAME = "$(TARGET_NAME)";
				SWIFT_EMIT_LOC_STRINGS = NO;
				SWIFT_VERSION = 5.0;
				TARGETED_DEVICE_FAMILY = "1,2";
				TEST_HOST = "$(BUILT_PRODUCTS_DIR)/iOSMoviesApplicationChallenge.app/$(BUNDLE_EXECUTABLE_FOLDER_PATH)/iOSMoviesApplicationChallenge";
			};
			name = Debug;
		};
		871184EF2AF3DC200047E44C /* Release */ = {
			isa = XCBuildConfiguration;
			buildSettings = {
				ALWAYS_EMBED_SWIFT_STANDARD_LIBRARIES = YES;
				BUNDLE_LOADER = "$(TEST_HOST)";
				CODE_SIGN_STYLE = Automatic;
				CURRENT_PROJECT_VERSION = 1;
				DEVELOPMENT_TEAM = N6TM2U26KT;
				GENERATE_INFOPLIST_FILE = YES;
				IPHONEOS_DEPLOYMENT_TARGET = 16.1;
				MARKETING_VERSION = 1.0;
				PRODUCT_BUNDLE_IDENTIFIER = Yassir.iOSMoviesApplicationChallengeTests;
				PRODUCT_NAME = "$(TARGET_NAME)";
				SWIFT_EMIT_LOC_STRINGS = NO;
				SWIFT_VERSION = 5.0;
				TARGETED_DEVICE_FAMILY = "1,2";
				TEST_HOST = "$(BUILT_PRODUCTS_DIR)/iOSMoviesApplicationChallenge.app/$(BUNDLE_EXECUTABLE_FOLDER_PATH)/iOSMoviesApplicationChallenge";
			};
			name = Release;
		};
		871184F12AF3DC200047E44C /* Debug */ = {
			isa = XCBuildConfiguration;
			buildSettings = {
				ALWAYS_EMBED_SWIFT_STANDARD_LIBRARIES = YES;
				CODE_SIGN_STYLE = Automatic;
				CURRENT_PROJECT_VERSION = 1;
				DEVELOPMENT_TEAM = N6TM2U26KT;
				GENERATE_INFOPLIST_FILE = YES;
				MARKETING_VERSION = 1.0;
				PRODUCT_BUNDLE_IDENTIFIER = Yassir.iOSMoviesApplicationChallengeUITests;
				PRODUCT_NAME = "$(TARGET_NAME)";
				SWIFT_EMIT_LOC_STRINGS = NO;
				SWIFT_VERSION = 5.0;
				TARGETED_DEVICE_FAMILY = "1,2";
				TEST_TARGET_NAME = iOSMoviesApplicationChallenge;
			};
			name = Debug;
		};
		871184F22AF3DC200047E44C /* Release */ = {
			isa = XCBuildConfiguration;
			buildSettings = {
				ALWAYS_EMBED_SWIFT_STANDARD_LIBRARIES = YES;
				CODE_SIGN_STYLE = Automatic;
				CURRENT_PROJECT_VERSION = 1;
				DEVELOPMENT_TEAM = N6TM2U26KT;
				GENERATE_INFOPLIST_FILE = YES;
				MARKETING_VERSION = 1.0;
				PRODUCT_BUNDLE_IDENTIFIER = Yassir.iOSMoviesApplicationChallengeUITests;
				PRODUCT_NAME = "$(TARGET_NAME)";
				SWIFT_EMIT_LOC_STRINGS = NO;
				SWIFT_VERSION = 5.0;
				TARGETED_DEVICE_FAMILY = "1,2";
				TEST_TARGET_NAME = iOSMoviesApplicationChallenge;
			};
			name = Release;
		};
/* End XCBuildConfiguration section */

/* Begin XCConfigurationList section */
		871184BB2AF3DC1F0047E44C /* Build configuration list for PBXProject "iOSMoviesApplicationChallenge" */ = {
			isa = XCConfigurationList;
			buildConfigurations = (
				871184E82AF3DC200047E44C /* Debug */,
				871184E92AF3DC200047E44C /* Release */,
			);
			defaultConfigurationIsVisible = 0;
			defaultConfigurationName = Release;
		};
		871184EA2AF3DC200047E44C /* Build configuration list for PBXNativeTarget "iOSMoviesApplicationChallenge" */ = {
			isa = XCConfigurationList;
			buildConfigurations = (
				871184EB2AF3DC200047E44C /* Debug */,
				871184EC2AF3DC200047E44C /* Release */,
			);
			defaultConfigurationIsVisible = 0;
			defaultConfigurationName = Release;
		};
		871184ED2AF3DC200047E44C /* Build configuration list for PBXNativeTarget "iOSMoviesApplicationChallengeTests" */ = {
			isa = XCConfigurationList;
			buildConfigurations = (
				871184EE2AF3DC200047E44C /* Debug */,
				871184EF2AF3DC200047E44C /* Release */,
			);
			defaultConfigurationIsVisible = 0;
			defaultConfigurationName = Release;
		};
		871184F02AF3DC200047E44C /* Build configuration list for PBXNativeTarget "iOSMoviesApplicationChallengeUITests" */ = {
			isa = XCConfigurationList;
			buildConfigurations = (
				871184F12AF3DC200047E44C /* Debug */,
				871184F22AF3DC200047E44C /* Release */,
			);
			defaultConfigurationIsVisible = 0;
			defaultConfigurationName = Release;
		};
/* End XCConfigurationList section */
	};
	rootObject = 871184B82AF3DC1F0047E44C /* Project object */;
}
